hash: 13b8482b602e797cba6b8a11b07897f92cdb1fc15cc7eb0c96b0415220f3a558
updated: 2021-01-12T14:11:00.560438+05:30
imports:
- name: github.com/afex/hystrix-go
  version: fa1af6a1f4f56e0e50d427fe901cd604d8c6fb8a
  subpackages:
  - hystrix
- name: github.com/beorn7/perks
  version: 37c8de3658fcb183f997c4e13e8337516ab753e6
  subpackages:
  - quantile
- name: github.com/DataDog/datadog-go
  version: 8a121120943792c69713cf8dee89a1cc6d47a0a0
  subpackages:
  - statsd
- name: github.com/felixge/httpsnoop
  version: 80c3c2123b72a19bf86e424759ce61a51b0f5f1b
- name: github.com/go-kit/kit
  version: fadad6fffe0466b19df9efd9acde5c9a52df5fa4
  subpackages:
  - circuitbreaker
  - endpoint
  - log
  - log/level
  - metrics
  - metrics/internal/lv
  - metrics/prometheus
  - tracing/opentracing
  - transport/http
- name: github.com/go-logfmt/logfmt
  version: 3be5f6aae7db841d31dc5e1b3bb7b4cff19200b3
- name: github.com/go-stack/stack
  version: 2fee6af1a9795aafbe0253a0cfbdf668e1fb8a9a
- name: github.com/gogo/googleapis
  version: 68b0159b7869370dc411c68dd2673b8867c5c171
  subpackages:
  - google/rpc
- name: github.com/gogo/protobuf
  version: b03c65ea87cdc3521ede29f62fe3ce239267c1bc
  subpackages:
  - proto
  - sortkeys
  - types
- name: github.com/gogo/status
  version: 935308aef7372e7685e8fbee162aae8f7a7e515a
- name: github.com/golang/protobuf
  version: 4846b58453b3708320bdb524f25cc5a1d9cda4d4
  subpackages:
  - proto
  - ptypes
  - ptypes/any
  - ptypes/duration
  - ptypes/timestamp
- name: github.com/google/uuid
  version: 85223faccf99409308cd169d9608753a95d21083
- name: github.com/gorilla/mux
  version: d07530f46e1eec4e40346e24af34dcc6750ad39f
- name: github.com/matttproud/golang_protobuf_extensions
  version: c182affec369e30f25d3eb8cd8a478dee585ae7d
  subpackages:
  - pbutil
- name: github.com/opentracing-contrib/go-observer
  version: a52f2342449246d5bcc273e65cbdcfa5f7d6c63c
- name: github.com/opentracing-contrib/go-stdlib
  version: 08d136d2c7dbc58d5ab7889a6423429746219aa1
  subpackages:
  - nethttp
- name: github.com/opentracing/opentracing-go
  version: 5d89d1a3e9416579079d2145e8cca9a5022d4277
  subpackages:
  - ext
  - log
- name: github.com/openzipkin/zipkin-go
  version: 705fed43cca41dc2b99a3f36468a68053f97de28
  subpackages:
  - idgenerator
  - model
  - propagation
  - propagation/b3
  - reporter
- name: github.com/openzipkin/zipkin-go-opentracing
  version: 223664cff43dfd9f54659ff15dc4bd6e023d0c14
- name: github.com/philhofer/fwd
  version: 9bcb9cab1b0394d8516a132ec243ba944efdb644
- name: github.com/pkg/errors
  version: ba968bfe8b2f7e042a574c888954fccecfa385b4
- name: github.com/prometheus/client_golang
  version: 170205fb58decfd011f1550d4cfb737230d7ae4f
  subpackages:
  - prometheus
  - prometheus/internal
  - prometheus/promhttp
- name: github.com/prometheus/client_model
  version: 60555c9708c786597e6b07bf846d0dc5c2a46f54
  subpackages:
  - go
- name: github.com/prometheus/common
  version: 20c99e7aa07352b599bd0517cd5ca945f4af0407
  subpackages:
  - expfmt
  - internal/bitbucket.org/ww/goautoneg
  - model
- name: github.com/prometheus/procfs
  version: 5a16cb2528562e8ed35fa2275ecd53e9af6fa091
  subpackages:
  - internal/fs
  - internal/util
- name: github.com/sirupsen/logrus
  version: cd4bf4ef8de16b243cce0e062742feb34128648b
- name: github.com/tinylib/msgp
  version: 82be0922cb896b3f0ea7df4d1f5e3c5911f92ac8
  subpackages:
  - msgp
- name: github.com/uber/jaeger-client-go
  version: fe3fa553c313b32f58cc684a59a4d48f03e07df9
  subpackages:
  - internal/baggage
  - internal/reporterstats
  - internal/spanlog
  - internal/throttler
  - log
  - thrift
  - thrift-gen/agent
  - thrift-gen/jaeger
  - thrift-gen/sampling
  - thrift-gen/zipkincore
  - utils
- name: github.com/uber/jaeger-lib
  version: 913f2d19ac0541c6e986209adcec4904c1a565b6
  subpackages:
  - metrics
- name: github.com/weaveworks/common
  version: 73225442af7da93ec8f6a6e2f7c8aafaee3f8840
  subpackages:
  - errors
  - grpc
  - httpgrpc
  - logging
  - middleware
  - user
- name: github.com/weaveworks/promrus
  version: 207ae7fe734d31ba6e5fe785b202db3d4f90f864
- name: go.uber.org/atomic
  version: 12f27ba2637fa0e13772a4f05fa46a5d18d53182
- name: golang.org/x/net
  version: 6772e930b67bb09bf22262c7378e7d2f67cf59d1
  subpackages:
  - context
  - context/ctxhttp
  - http/httpguts
  - http2
  - http2/hpack
  - idna
  - internal/timeseries
  - trace
- name: golang.org/x/sys
  version: 489259a85091f60ac24636e6f0eeda70f530a981
  subpackages:
  - internal/unsafeheader
  - unix
  - windows
  - windows/registry
- name: golang.org/x/text
  version: 75a595aef632b07c6eeaaa805adb6f0f66e4130e
  subpackages:
  - secure/bidirule
  - transform
  - unicode/bidi
  - unicode/norm
- name: golang.org/x/time
  version: 7e3f01d253248a0a5694eb5b7376dfea18b6397e
  subpackages:
  - rate
- name: golang.org/x/xerrors
  version: 5ec99f83aff198f5fbd629d6c8d8eb38a04218ca
  subpackages:
  - internal
- name: google.golang.org/genproto
  version: 22ae2b108f894df65490ecf5854ee0278622920d
  subpackages:
  - googleapis/rpc/status
- name: google.golang.org/grpc
  version: 4cf4a98505bcdfb27ea2a5427b6e5a2d143dd060
  subpackages:
  - attributes
  - backoff
  - balancer
  - balancer/base
  - balancer/grpclb/state
  - balancer/roundrobin
  - binarylog/grpc_binarylog_v1
  - codes
  - connectivity
  - credentials
  - encoding
  - encoding/proto
  - grpclog
  - internal
  - internal/backoff
  - internal/balancerload
  - internal/binarylog
  - internal/buffer
  - internal/channelz
  - internal/credentials
  - internal/envconfig
  - internal/grpclog
  - internal/grpcrand
  - internal/grpcsync
  - internal/grpcutil
  - internal/metadata
  - internal/resolver
  - internal/resolver/dns
  - internal/resolver/passthrough
  - internal/resolver/unix
  - internal/serviceconfig
  - internal/status
  - internal/syscall
  - internal/transport
  - internal/transport/networktype
  - keepalive
  - metadata
  - peer
  - resolver
  - serviceconfig
  - stats
  - status
  - tap
- name: google.golang.org/protobuf
  version: 160c7477e0e899d5072bb25635f46053df619fbf
  subpackages:
  - encoding/prototext
  - encoding/protowire
  - internal/descfmt
  - internal/descopts
  - internal/detrand
  - internal/encoding/defval
  - internal/encoding/messageset
  - internal/encoding/tag
  - internal/encoding/text
  - internal/errors
  - internal/filedesc
  - internal/filetype
  - internal/flags
  - internal/genid
  - internal/impl
  - internal/order
  - internal/pragma
  - internal/set
  - internal/strs
  - internal/version
  - proto
  - reflect/protoreflect
  - reflect/protoregistry
  - runtime/protoiface
  - runtime/protoimpl
  - types/known/anypb
  - types/known/durationpb
  - types/known/timestamppb
- name: gopkg.in/DataDog/dd-trace-go.v1
  version: 75d7e5311c7df567073593d6a0f197564f468d5e
  subpackages:
  - ddtrace
  - ddtrace/ext
  - ddtrace/internal
  - ddtrace/tracer
  - internal
  - internal/globalconfig
  - internal/log
  - internal/version
- name: gopkg.in/mgo.v2
  version: a6b53ec6cb22a3699387a57a161566f9402ee85b
  subpackages:
  - bson
  - dbtest
  - internal/json
  - internal/sasl
  - internal/scram
- name: gopkg.in/tomb.v2
  version: d5d1b5820637886def9eef33e03a27a9f166942c
testImports: []
